// !$*UTF8*$!
{
	archiveVersion = 1;
	classes = {
	};
	objectVersion = 50;
	objects = {

/* Begin PBXBuildFile section */
		21D9F8D2211ACA2B00A5D455 /* AppDelegate.swift in Sources */ = {isa = PBXBuildFile; fileRef = 21D9F8D1211ACA2B00A5D455 /* AppDelegate.swift */; };
		21D9F8D4211ACA2B00A5D455 /* ViewController.swift in Sources */ = {isa = PBXBuildFile; fileRef = 21D9F8D3211ACA2B00A5D455 /* ViewController.swift */; };
		21D9F8D7211ACA2B00A5D455 /* Main.storyboard in Resources */ = {isa = PBXBuildFile; fileRef = 21D9F8D5211ACA2B00A5D455 /* Main.storyboard */; };
		21D9F8D9211ACA2E00A5D455 /* Assets.xcassets in Resources */ = {isa = PBXBuildFile; fileRef = 21D9F8D8211ACA2E00A5D455 /* Assets.xcassets */; };
		21D9F8DC211ACA2E00A5D455 /* LaunchScreen.storyboard in Resources */ = {isa = PBXBuildFile; fileRef = 21D9F8DA211ACA2E00A5D455 /* LaunchScreen.storyboard */; };
/* End PBXBuildFile section */

/* Begin PBXFileReference section */
		21D9F8CE211ACA2B00A5D455 /* MraidExample.app */ = {isa = PBXFileReference; explicitFileType = wrapper.application; includeInIndex = 0; path = MraidExample.app; sourceTree = BUILT_PRODUCTS_DIR; };
		21D9F8D1211ACA2B00A5D455 /* AppDelegate.swift */ = {isa = PBXFileReference; lastKnownFileType = sourcecode.swift; path = AppDelegate.swift; sourceTree = "<group>"; };
		21D9F8D3211ACA2B00A5D455 /* ViewController.swift */ = {isa = PBXFileReference; lastKnownFileType = sourcecode.swift; path = ViewController.swift; sourceTree = "<group>"; };
		21D9F8D6211ACA2B00A5D455 /* Base */ = {isa = PBXFileReference; lastKnownFileType = file.storyboard; name = Base; path = Base.lproj/Main.storyboard; sourceTree = "<group>"; };
		21D9F8D8211ACA2E00A5D455 /* Assets.xcassets */ = {isa = PBXFileReference; lastKnownFileType = folder.assetcatalog; path = Assets.xcassets; sourceTree = "<group>"; };
		21D9F8DB211ACA2E00A5D455 /* Base */ = {isa = PBXFileReference; lastKnownFileType = file.storyboard; name = Base; path = Base.lproj/LaunchScreen.storyboard; sourceTree = "<group>"; };
		21D9F8DD211ACA2E00A5D455 /* Info.plist */ = {isa = PBXFileReference; lastKnownFileType = text.plist.xml; path = Info.plist; sourceTree = "<group>"; };
/* End PBXFileReference section */

/* Begin PBXFrameworksBuildPhase section */
		21D9F8CB211ACA2B00A5D455 /* Frameworks */ = {
			isa = PBXFrameworksBuildPhase;
			buildActionMask = 2147483647;
			files = (
			);
			runOnlyForDeploymentPostprocessing = 0;
		};
/* End PBXFrameworksBuildPhase section */

/* Begin PBXGroup section */
		21D9F8C5211ACA2B00A5D455 = {
			isa = PBXGroup;
			children = (
				21D9F8D0211ACA2B00A5D455 /* MraidExample */,
				21D9F8CF211ACA2B00A5D455 /* Products */,
			);
			sourceTree = "<group>";
		};
		21D9F8CF211ACA2B00A5D455 /* Products */ = {
			isa = PBXGroup;
			children = (
				21D9F8CE211ACA2B00A5D455 /* MraidExample.app */,
			);
			name = Products;
			sourceTree = "<group>";
		};
		21D9F8D0211ACA2B00A5D455 /* MraidExample */ = {
			isa = PBXGroup;
			children = (
				21D9F8D1211ACA2B00A5D455 /* AppDelegate.swift */,
				21D9F8D3211ACA2B00A5D455 /* ViewController.swift */,
				21D9F8D5211ACA2B00A5D455 /* Main.storyboard */,
				21D9F8D8211ACA2E00A5D455 /* Assets.xcassets */,
				21D9F8DA211ACA2E00A5D455 /* LaunchScreen.storyboard */,
				21D9F8DD211ACA2E00A5D455 /* Info.plist */,
			);
			path = MraidExample;
			sourceTree = "<group>";
		};
/* End PBXGroup section */

/* Begin PBXNativeTarget section */
		21D9F8CD211ACA2B00A5D455 /* MraidExample */ = {
			isa = PBXNativeTarget;
			buildConfigurationList = 21D9F8E0211ACA2E00A5D455 /* Build configuration list for PBXNativeTarget "MraidExample" */;
			buildPhases = (
				21D9F8CA211ACA2B00A5D455 /* Sources */,
				21D9F8CB211ACA2B00A5D455 /* Frameworks */,
				21D9F8CC211ACA2B00A5D455 /* Resources */,
			);
			buildRules = (
			);
			dependencies = (
			);
			name = MraidExample;
			productName = MraidExample;
			productReference = 21D9F8CE211ACA2B00A5D455 /* MraidExample.app */;
			productType = "com.apple.product-type.application";
		};
/* End PBXNativeTarget section */

/* Begin PBXProject section */
		21D9F8C6211ACA2B00A5D455 /* Project object */ = {
			isa = PBXProject;
			attributes = {
				LastSwiftUpdateCheck = 0940;
				LastUpgradeCheck = 0940;
				ORGANIZATIONNAME = "Hexims IT LLP";
				TargetAttributes = {
					21D9F8CD211ACA2B00A5D455 = {
						CreatedOnToolsVersion = 9.4.1;
					};
				};
			};
			buildConfigurationList = 21D9F8C9211ACA2B00A5D455 /* Build configuration list for PBXProject "MraidExample" */;
			compatibilityVersion = "Xcode 9.3";
			developmentRegion = en;
			hasScannedForEncodings = 0;
			knownRegions = (
				en,
				Base,
			);
			mainGroup = 21D9F8C5211ACA2B00A5D455;
			productRefGroup = 21D9F8CF211ACA2B00A5D455 /* Products */;
			projectDirPath = "";
			projectRoot = "";
			targets = (
				21D9F8CD211ACA2B00A5D455 /* MraidExample */,
			);
		};
/* End PBXProject section */

/* Begin PBXResourcesBuildPhase section */
		21D9F8CC211ACA2B00A5D455 /* Resources */ = {
			isa = PBXResourcesBuildPhase;
			buildActionMask = 2147483647;
			files = (
				21D9F8DC211ACA2E00A5D455 /* LaunchScreen.storyboard in Resources */,
				21D9F8D9211ACA2E00A5D455 /* Assets.xcassets in Resources */,
				21D9F8D7211ACA2B00A5D455 /* Main.storyboard in Resources */,
			);
			runOnlyForDeploymentPostprocessing = 0;
		};
/* End PBXResourcesBuildPhase section */

/* Begin PBXSourcesBuildPhase section */
		21D9F8CA211ACA2B00A5D455 /* Sources */ = {
			isa = PBXSourcesBuildPhase;
			buildActionMask = 2147483647;
			files = (
				21D9F8D4211ACA2B00A5D455 /* ViewController.swift in Sources */,
				21D9F8D2211ACA2B00A5D455 /* AppDelegate.swift in Sources */,
			);
			runOnlyForDeploymentPostprocessing = 0;
		};
/* End PBXSourcesBuildPhase section */

/* Begin PBXVariantGroup section */
		21D9F8D5211ACA2B00A5D455 /* Main.storyboard */ = {
			isa = PBXVariantGroup;
			children = (
				21D9F8D6211ACA2B00A5D455 /* Base */,
			);
			name = Main.storyboard;
			sourceTree = "<group>";
		};
		21D9F8DA211ACA2E00A5D455 /* LaunchScreen.storyboard */ = {
			isa = PBXVariantGroup;
			children = (
				21D9F8DB211ACA2E00A5D455 /* Base */,
			);
			name = LaunchScreen.storyboard;
			sourceTree = "<group>";
		};
/* End PBXVariantGroup section */

/* Begin XCBuildConfiguration section */
		21D9F8DE211ACA2E00A5D455 /* Debug */ = {
			isa = XCBuildConfiguration;
			buildSettings = {
				ALWAYS_SEARCH_USER_PATHS = NO;
				CLANG_ANALYZER_NONNULL = YES;
				CLANG_ANALYZER_NUMBER_OBJECT_CONVERSION = YES_AGGRESSIVE;
				CLANG_CXX_LANGUAGE_STANDARD = "gnu++14";
				CLANG_CXX_LIBRARY = "libc++";
				CLANG_ENABLE_MODULES = YES;
				CLANG_ENABLE_OBJC_ARC = YES;
				CLANG_ENABLE_OBJC_WEAK = YES;
				CLANG_WARN_BLOCK_CAPTURE_AUTORELEASING = YES;
				CLANG_WARN_BOOL_CONVERSION = YES;
				CLANG_WARN_COMMA = YES;
				CLANG_WARN_CONSTANT_CONVERSION = YES;
				CLANG_WARN_DEPRECATED_OBJC_IMPLEMENTATIONS = YES;
				CLANG_WARN_DIRECT_OBJC_ISA_USAGE = YES_ERROR;
				CLANG_WARN_DOCUMENTATION_COMMENTS = YES;
				CLANG_WARN_EMPTY_BODY = YES;
				CLANG_WARN_ENUM_CONVERSION = YES;
				CLANG_WARN_INFINITE_RECURSION = YES;
				CLANG_WARN_INT_CONVERSION = YES;
				CLANG_WARN_NON_LITERAL_NULL_CONVERSION = YES;
				CLANG_WARN_OBJC_IMPLICIT_RETAIN_SELF = YES;
				CLANG_WARN_OBJC_LITERAL_CONVERSION = YES;
				CLANG_WARN_OBJC_ROOT_CLASS = YES_ERROR;
				CLANG_WARN_RANGE_LOOP_ANALYSIS = YES;
				CLANG_WARN_STRICT_PROTOTYPES = YES;
				CLANG_WARN_SUSPICIOUS_MOVE = YES;
				CLANG_WARN_UNGUARDED_AVAILABILITY = YES_AGGRESSIVE;
				CLANG_WARN_UNREACHABLE_CODE = YES;
				CLANG_WARN__DUPLICATE_METHOD_MATCH = YES;
				CODE_SIGN_IDENTITY = "iPhone Developer";
				COPY_PHASE_STRIP = NO;
				DEBUG_INFORMATION_FORMAT = dwarf;
				ENABLE_STRICT_OBJC_MSGSEND = YES;
				ENABLE_TESTABILITY = YES;
				GCC_C_LANGUAGE_STANDARD = gnu11;
				GCC_DYNAMIC_NO_PIC = NO;
				GCC_NO_COMMON_BLOCKS = YES;
				GCC_OPTIMIZATION_LEVEL = 0;
				GCC_PREPROCESSOR_DEFINITIONS = (
					"DEBUG=1",
					"$(inherited)",
				);
				GCC_WARN_64_TO_32_BIT_CONVERSION = YES;
				GCC_WARN_ABOUT_RETURN_TYPE = YES_ERROR;
				GCC_WARN_UNDECLARED_SELECTOR = YES;
				GCC_WARN_UNINITIALIZED_AUTOS = YES_AGGRESSIVE;
				GCC_WARN_UNUSED_FUNCTION = YES;
				GCC_WARN_UNUSED_VARIABLE = YES;
				IPHONEOS_DEPLOYMENT_TARGET = 11.0;
				MTL_ENABLE_DEBUG_INFO = YES;
				ONLY_ACTIVE_ARCH = YES;
				SDKROOT = iphoneos;
				SWIFT_ACTIVE_COMPILATION_CONDITIONS = DEBUG;
				SWIFT_OPTIMIZATION_LEVEL = "-Onone";
			};
			name = Debug;
		};
		21D9F8DF211ACA2E00A5D455 /* Release */ = {
			isa = XCBuildConfiguration;
			buildSettings = {
				ALWAYS_SEARCH_USER_PATHS = NO;
				CLANG_ANALYZER_NONNULL = YES;
				CLANG_ANALYZER_NUMBER_OBJECT_CONVERSION = YES_AGGRESSIVE;
				CLANG_CXX_LANGUAGE_STANDARD = "gnu++14";
				CLANG_CXX_LIBRARY = "libc++";
				CLANG_ENABLE_MODULES = YES;
				CLANG_ENABLE_OBJC_ARC = YES;
				CLANG_ENABLE_OBJC_WEAK = YES;
				CLANG_WARN_BLOCK_CAPTURE_AUTORELEASING = YES;
				CLANG_WARN_BOOL_CONVERSION = YES;
				CLANG_WARN_COMMA = YES;
				CLANG_WARN_CONSTANT_CONVERSION = YES;
				CLANG_WARN_DEPRECATED_OBJC_IMPLEMENTATIONS = YES;
				CLANG_WARN_DIRECT_OBJC_ISA_USAGE = YES_ERROR;
				CLANG_WARN_DOCUMENTATION_COMMENTS = YES;
				CLANG_WARN_EMPTY_BODY = YES;
				CLANG_WARN_ENUM_CONVERSION = YES;
				CLANG_WARN_INFINITE_RECURSION = YES;
				CLANG_WARN_INT_CONVERSION = YES;
				CLANG_WARN_NON_LITERAL_NULL_CONVERSION = YES;
				CLANG_WARN_OBJC_IMPLICIT_RETAIN_SELF = YES;
				CLANG_WARN_OBJC_LITERAL_CONVERSION = YES;
				CLANG_WARN_OBJC_ROOT_CLASS = YES_ERROR;
				CLANG_WARN_RANGE_LOOP_ANALYSIS = YES;
				CLANG_WARN_STRICT_PROTOTYPES = YES;
				CLANG_WARN_SUSPICIOUS_MOVE = YES;
				CLANG_WARN_UNGUARDED_AVAILABILITY = YES_AGGRESSIVE;
				CLANG_WARN_UNREACHABLE_CODE = YES;
				CLANG_WARN__DUPLICATE_METHOD_MATCH = YES;
				CODE_SIGN_IDENTITY = "iPhone Developer";
				COPY_PHASE_STRIP = NO;
				DEBUG_INFORMATION_FORMAT = "dwarf-with-dsym";
				ENABLE_NS_ASSERTIONS = NO;
				ENABLE_STRICT_OBJC_MSGSEND = YES;
				GCC_C_LANGUAGE_STANDARD = gnu11;
				GCC_NO_COMMON_BLOCKS = YES;
				GCC_WARN_64_TO_32_BIT_CONVERSION = YES;
				GCC_WARN_ABOUT_RETURN_TYPE = YES_ERROR;
				GCC_WARN_UNDECLARED_SELECTOR = YES;
				GCC_WARN_UNINITIALIZED_AUTOS = YES_AGGRESSIVE;
				GCC_WARN_UNUSED_FUNCTION = YES;
				GCC_WARN_UNUSED_VARIABLE = YES;
				IPHONEOS_DEPLOYMENT_TARGET = 11.0;
				MTL_ENABLE_DEBUG_INFO = NO;
				SDKROOT = iphoneos;
				SWIFT_COMPILATION_MODE = wholemodule;
				SWIFT_OPTIMIZATION_LEVEL = "-O";
				VALIDATE_PRODUCT = YES;
			};
			name = Release;
		};
		21D9F8E1211ACA2E00A5D455 /* Debug */ = {
			isa = XCBuildConfiguration;
			buildSettings = {
				ASSETCATALOG_COMPILER_APPICON_NAME = AppIcon;
				CODE_SIGN_STYLE = Automatic;
				INFOPLIST_FILE = MraidExample/Info.plist;
				IPHONEOS_DEPLOYMENT_TARGET = 11.0;
				LD_RUNPATH_SEARCH_PATHS = (
					"$(inherited)",
					"@executable_path/Frameworks",
				);
				PRODUCT_BUNDLE_IDENTIFIER = com.hexims.it.MraidExample;
				PRODUCT_NAME = "$(TARGET_NAME)";
				SWIFT_VERSION = 4.0;
				TARGETED_DEVICE_FAMILY = "1,2";
			};
			name = Debug;
		};
		21D9F8E2211ACA2E00A5D455 /* Release */ = {
			isa = XCBuildConfiguration;
			buildSettings = {
				ASSETCATALOG_COMPILER_APPICON_NAME = AppIcon;
				CODE_SIGN_STYLE = Automatic;
				INFOPLIST_FILE = MraidExample/Info.plist;
				IPHONEOS_DEPLOYMENT_TARGET = 11.0;
				LD_RUNPATH_SEARCH_PATHS = (
					"$(inherited)",
					"@executable_path/Frameworks",
				);
				PRODUCT_BUNDLE_IDENTIFIER = com.hexims.it.MraidExample;
				PRODUCT_NAME = "$(TARGET_NAME)";
				SWIFT_VERSION = 4.0;
				TARGETED_DEVICE_FAMILY = "1,2";
			};
			name = Release;
		};
/* End XCBuildConfiguration section */

/* Begin XCConfigurationList section */
		21D9F8C9211ACA2B00A5D455 /* Build configuration list for PBXProject "MraidExample" */ = {
			isa = XCConfigurationList;
			buildConfigurations = (
				21D9F8DE211ACA2E00A5D455 /* Debug */,
				21D9F8DF211ACA2E00A5D455 /* Release */,
			);
			defaultConfigurationIsVisible = 0;
			defaultConfigurationName = Release;
		};
		21D9F8E0211ACA2E00A5D455 /* Build configuration list for PBXNativeTarget "MraidExample" */ = {
			isa = XCConfigurationList;
			buildConfigurations = (
				21D9F8E1211ACA2E00A5D455 /* Debug */,
				21D9F8E2211ACA2E00A5D455 /* Release */,
			);
			defaultConfigurationIsVisible = 0;
			defaultConfigurationName = Release;
		};
/* End XCConfigurationList section */
	};
	rootObject = 21D9F8C6211ACA2B00A5D455 /* Project object */;
}
